// !$*UTF8*$!
{
	archiveVersion = 1;
	classes = {
	};
	objectVersion = 56;
	objects = {

/* Begin PBXBuildFile section */
		46BD28532A9766FB00BBED6B /* ExpenseLandApp.swift in Sources */ = {isa = PBXBuildFile; fileRef = 46BD28522A9766FB00BBED6B /* ExpenseLandApp.swift */; };
		46BD28572A9766FC00BBED6B /* Assets.xcassets in Resources */ = {isa = PBXBuildFile; fileRef = 46BD28562A9766FC00BBED6B /* Assets.xcassets */; };
		46BD285A2A9766FC00BBED6B /* Preview Assets.xcassets in Resources */ = {isa = PBXBuildFile; fileRef = 46BD28592A9766FC00BBED6B /* Preview Assets.xcassets */; };
		46BD285C2A9766FC00BBED6B /* Persistence.swift in Sources */ = {isa = PBXBuildFile; fileRef = 46BD285B2A9766FC00BBED6B /* Persistence.swift */; };
		46BD285F2A9766FC00BBED6B /* ExpenseLand.xcdatamodeld in Sources */ = {isa = PBXBuildFile; fileRef = 46BD285D2A9766FC00BBED6B /* ExpenseLand.xcdatamodeld */; };
		46BD28682A976A9D00BBED6B /* Models.swift in Sources */ = {isa = PBXBuildFile; fileRef = 46BD28672A976A9D00BBED6B /* Models.swift */; };
		46BD286B2A976C2D00BBED6B /* MainView.swift in Sources */ = {isa = PBXBuildFile; fileRef = 46BD286A2A976C2D00BBED6B /* MainView.swift */; };
		46BD286D2A976C8600BBED6B /* MainViewModel.swift in Sources */ = {isa = PBXBuildFile; fileRef = 46BD286C2A976C8600BBED6B /* MainViewModel.swift */; };
		46BD28702A976CAD00BBED6B /* Constants.swift in Sources */ = {isa = PBXBuildFile; fileRef = 46BD286F2A976CAD00BBED6B /* Constants.swift */; };
		46BD28722A97714D00BBED6B /* AddExpenseView.swift in Sources */ = {isa = PBXBuildFile; fileRef = 46BD28712A97714D00BBED6B /* AddExpenseView.swift */; };
		46BD28752A97910700BBED6B /* WelcomeView.swift in Sources */ = {isa = PBXBuildFile; fileRef = 46BD28742A97910700BBED6B /* WelcomeView.swift */; };
		46BD28772A97C95000BBED6B /* RecentExpensesView.swift in Sources */ = {isa = PBXBuildFile; fileRef = 46BD28762A97C95000BBED6B /* RecentExpensesView.swift */; };
		46BD28792A97CD4600BBED6B /* ExpenseRowView.swift in Sources */ = {isa = PBXBuildFile; fileRef = 46BD28782A97CD4600BBED6B /* ExpenseRowView.swift */; };
		46BD287B2A97CE6C00BBED6B /* Extensions.swift in Sources */ = {isa = PBXBuildFile; fileRef = 46BD287A2A97CE6C00BBED6B /* Extensions.swift */; };
		46BD28812A989C8900BBED6B /* CategoriesCardView.swift in Sources */ = {isa = PBXBuildFile; fileRef = 46BD28802A989C8900BBED6B /* CategoriesCardView.swift */; };
		46BD28832A98B5C800BBED6B /* CustomProgressViewStyle.swift in Sources */ = {isa = PBXBuildFile; fileRef = 46BD28822A98B5C800BBED6B /* CustomProgressViewStyle.swift */; };
/* End PBXBuildFile section */

/* Begin PBXFileReference section */
		46BD284F2A9766FB00BBED6B /* ExpenseLand.app */ = {isa = PBXFileReference; explicitFileType = wrapper.application; includeInIndex = 0; path = ExpenseLand.app; sourceTree = BUILT_PRODUCTS_DIR; };
		46BD28522A9766FB00BBED6B /* ExpenseLandApp.swift */ = {isa = PBXFileReference; lastKnownFileType = sourcecode.swift; path = ExpenseLandApp.swift; sourceTree = "<group>"; };
		46BD28562A9766FC00BBED6B /* Assets.xcassets */ = {isa = PBXFileReference; lastKnownFileType = folder.assetcatalog; path = Assets.xcassets; sourceTree = "<group>"; };
		46BD28592A9766FC00BBED6B /* Preview Assets.xcassets */ = {isa = PBXFileReference; lastKnownFileType = folder.assetcatalog; path = "Preview Assets.xcassets"; sourceTree = "<group>"; };
		46BD285B2A9766FC00BBED6B /* Persistence.swift */ = {isa = PBXFileReference; lastKnownFileType = sourcecode.swift; path = Persistence.swift; sourceTree = "<group>"; };
		46BD285E2A9766FC00BBED6B /* ExpenseLand.xcdatamodel */ = {isa = PBXFileReference; lastKnownFileType = wrapper.xcdatamodel; path = ExpenseLand.xcdatamodel; sourceTree = "<group>"; };
		46BD28672A976A9D00BBED6B /* Models.swift */ = {isa = PBXFileReference; lastKnownFileType = sourcecode.swift; path = Models.swift; sourceTree = "<group>"; };
		46BD286A2A976C2D00BBED6B /* MainView.swift */ = {isa = PBXFileReference; lastKnownFileType = sourcecode.swift; path = MainView.swift; sourceTree = "<group>"; };
		46BD286C2A976C8600BBED6B /* MainViewModel.swift */ = {isa = PBXFileReference; lastKnownFileType = sourcecode.swift; path = MainViewModel.swift; sourceTree = "<group>"; };
		46BD286F2A976CAD00BBED6B /* Constants.swift */ = {isa = PBXFileReference; lastKnownFileType = sourcecode.swift; path = Constants.swift; sourceTree = "<group>"; };
		46BD28712A97714D00BBED6B /* AddExpenseView.swift */ = {isa = PBXFileReference; lastKnownFileType = sourcecode.swift; path = AddExpenseView.swift; sourceTree = "<group>"; };
		46BD28742A97910700BBED6B /* WelcomeView.swift */ = {isa = PBXFileReference; lastKnownFileType = sourcecode.swift; path = WelcomeView.swift; sourceTree = "<group>"; };
		46BD28762A97C95000BBED6B /* RecentExpensesView.swift */ = {isa = PBXFileReference; lastKnownFileType = sourcecode.swift; path = RecentExpensesView.swift; sourceTree = "<group>"; };
		46BD28782A97CD4600BBED6B /* ExpenseRowView.swift */ = {isa = PBXFileReference; lastKnownFileType = sourcecode.swift; path = ExpenseRowView.swift; sourceTree = "<group>"; };
		46BD287A2A97CE6C00BBED6B /* Extensions.swift */ = {isa = PBXFileReference; lastKnownFileType = sourcecode.swift; path = Extensions.swift; sourceTree = "<group>"; };
		46BD28802A989C8900BBED6B /* CategoriesCardView.swift */ = {isa = PBXFileReference; lastKnownFileType = sourcecode.swift; path = CategoriesCardView.swift; sourceTree = "<group>"; };
		46BD28822A98B5C800BBED6B /* CustomProgressViewStyle.swift */ = {isa = PBXFileReference; lastKnownFileType = sourcecode.swift; path = CustomProgressViewStyle.swift; sourceTree = "<group>"; };
/* End PBXFileReference section */

/* Begin PBXFrameworksBuildPhase section */
		46BD284C2A9766FB00BBED6B /* Frameworks */ = {
			isa = PBXFrameworksBuildPhase;
			buildActionMask = 2147483647;
			files = (
			);
			runOnlyForDeploymentPostprocessing = 0;
		};
/* End PBXFrameworksBuildPhase section */

/* Begin PBXGroup section */
		46BD28462A9766FB00BBED6B = {
			isa = PBXGroup;
			children = (
				46BD28512A9766FB00BBED6B /* ExpenseLand */,
				46BD28502A9766FB00BBED6B /* Products */,
			);
			sourceTree = "<group>";
		};
		46BD28502A9766FB00BBED6B /* Products */ = {
			isa = PBXGroup;
			children = (
				46BD284F2A9766FB00BBED6B /* ExpenseLand.app */,
			);
			name = Products;
			sourceTree = "<group>";
		};
		46BD28512A9766FB00BBED6B /* ExpenseLand */ = {
			isa = PBXGroup;
			children = (
				46BD28732A97786B00BBED6B /* DataBase */,
				46BD286E2A976C9D00BBED6B /* Utilities */,
				46BD28692A976C1D00BBED6B /* Views */,
				46BD28522A9766FB00BBED6B /* ExpenseLandApp.swift */,
				46BD28562A9766FC00BBED6B /* Assets.xcassets */,
				46BD28582A9766FC00BBED6B /* Preview Content */,
				46BD28672A976A9D00BBED6B /* Models.swift */,
			);
			path = ExpenseLand;
			sourceTree = "<group>";
		};
		46BD28582A9766FC00BBED6B /* Preview Content */ = {
			isa = PBXGroup;
			children = (
				46BD28592A9766FC00BBED6B /* Preview Assets.xcassets */,
			);
			path = "Preview Content";
			sourceTree = "<group>";
		};
		46BD28692A976C1D00BBED6B /* Views */ = {
			isa = PBXGroup;
			children = (
				46BD286A2A976C2D00BBED6B /* MainView.swift */,
				46BD286C2A976C8600BBED6B /* MainViewModel.swift */,
				46BD28712A97714D00BBED6B /* AddExpenseView.swift */,
				46BD28742A97910700BBED6B /* WelcomeView.swift */,
				46BD28762A97C95000BBED6B /* RecentExpensesView.swift */,
				46BD28782A97CD4600BBED6B /* ExpenseRowView.swift */,
				46BD28802A989C8900BBED6B /* CategoriesCardView.swift */,
			);
			path = Views;
			sourceTree = "<group>";
		};
		46BD286E2A976C9D00BBED6B /* Utilities */ = {
			isa = PBXGroup;
			children = (
				46BD286F2A976CAD00BBED6B /* Constants.swift */,
				46BD287A2A97CE6C00BBED6B /* Extensions.swift */,
				46BD28822A98B5C800BBED6B /* CustomProgressViewStyle.swift */,
			);
			path = Utilities;
			sourceTree = "<group>";
		};
		46BD28732A97786B00BBED6B /* DataBase */ = {
			isa = PBXGroup;
			children = (
				46BD285D2A9766FC00BBED6B /* ExpenseLand.xcdatamodeld */,
				46BD285B2A9766FC00BBED6B /* Persistence.swift */,
			);
			path = DataBase;
			sourceTree = "<group>";
		};
/* End PBXGroup section */

/* Begin PBXNativeTarget section */
		46BD284E2A9766FB00BBED6B /* ExpenseLand */ = {
			isa = PBXNativeTarget;
			buildConfigurationList = 46BD28622A9766FC00BBED6B /* Build configuration list for PBXNativeTarget "ExpenseLand" */;
			buildPhases = (
				46BD284B2A9766FB00BBED6B /* Sources */,
				46BD284C2A9766FB00BBED6B /* Frameworks */,
				46BD284D2A9766FB00BBED6B /* Resources */,
			);
			buildRules = (
			);
			dependencies = (
			);
			name = ExpenseLand;
			productName = ExpenseLand;
			productReference = 46BD284F2A9766FB00BBED6B /* ExpenseLand.app */;
			productType = "com.apple.product-type.application";
		};
/* End PBXNativeTarget section */

/* Begin PBXProject section */
		46BD28472A9766FB00BBED6B /* Project object */ = {
			isa = PBXProject;
			attributes = {
				BuildIndependentTargetsInParallel = 1;
				LastSwiftUpdateCheck = 1430;
				LastUpgradeCheck = 1430;
				TargetAttributes = {
					46BD284E2A9766FB00BBED6B = {
						CreatedOnToolsVersion = 14.3;
					};
				};
			};
			buildConfigurationList = 46BD284A2A9766FB00BBED6B /* Build configuration list for PBXProject "ExpenseLand" */;
			compatibilityVersion = "Xcode 14.0";
			developmentRegion = en;
			hasScannedForEncodings = 0;
			knownRegions = (
				en,
				Base,
			);
			mainGroup = 46BD28462A9766FB00BBED6B;
			productRefGroup = 46BD28502A9766FB00BBED6B /* Products */;
			projectDirPath = "";
			projectRoot = "";
			targets = (
				46BD284E2A9766FB00BBED6B /* ExpenseLand */,
			);
		};
/* End PBXProject section */

/* Begin PBXResourcesBuildPhase section */
		46BD284D2A9766FB00BBED6B /* Resources */ = {
			isa = PBXResourcesBuildPhase;
			buildActionMask = 2147483647;
			files = (
				46BD285A2A9766FC00BBED6B /* Preview Assets.xcassets in Resources */,
				46BD28572A9766FC00BBED6B /* Assets.xcassets in Resources */,
			);
			runOnlyForDeploymentPostprocessing = 0;
		};
/* End PBXResourcesBuildPhase section */

/* Begin PBXSourcesBuildPhase section */
		46BD284B2A9766FB00BBED6B /* Sources */ = {
			isa = PBXSourcesBuildPhase;
			buildActionMask = 2147483647;
			files = (
				46BD28812A989C8900BBED6B /* CategoriesCardView.swift in Sources */,
				46BD28772A97C95000BBED6B /* RecentExpensesView.swift in Sources */,
				46BD285C2A9766FC00BBED6B /* Persistence.swift in Sources */,
				46BD28532A9766FB00BBED6B /* ExpenseLandApp.swift in Sources */,
				46BD285F2A9766FC00BBED6B /* ExpenseLand.xcdatamodeld in Sources */,
				46BD28722A97714D00BBED6B /* AddExpenseView.swift in Sources */,
				46BD28752A97910700BBED6B /* WelcomeView.swift in Sources */,
				46BD28792A97CD4600BBED6B /* ExpenseRowView.swift in Sources */,
				46BD28832A98B5C800BBED6B /* CustomProgressViewStyle.swift in Sources */,
				46BD287B2A97CE6C00BBED6B /* Extensions.swift in Sources */,
				46BD286B2A976C2D00BBED6B /* MainView.swift in Sources */,
				46BD28702A976CAD00BBED6B /* Constants.swift in Sources */,
				46BD28682A976A9D00BBED6B /* Models.swift in Sources */,
				46BD286D2A976C8600BBED6B /* MainViewModel.swift in Sources */,
			);
			runOnlyForDeploymentPostprocessing = 0;
		};
/* End PBXSourcesBuildPhase section */

/* Begin XCBuildConfiguration section */
		46BD28602A9766FC00BBED6B /* Debug */ = {
			isa = XCBuildConfiguration;
			buildSettings = {
				ALWAYS_SEARCH_USER_PATHS = NO;
				CLANG_ANALYZER_NONNULL = YES;
				CLANG_ANALYZER_NUMBER_OBJECT_CONVERSION = YES_AGGRESSIVE;
				CLANG_CXX_LANGUAGE_STANDARD = "gnu++20";
				CLANG_ENABLE_MODULES = YES;
				CLANG_ENABLE_OBJC_ARC = YES;
				CLANG_ENABLE_OBJC_WEAK = YES;
				CLANG_WARN_BLOCK_CAPTURE_AUTORELEASING = YES;
				CLANG_WARN_BOOL_CONVERSION = YES;
				CLANG_WARN_COMMA = YES;
				CLANG_WARN_CONSTANT_CONVERSION = YES;
				CLANG_WARN_DEPRECATED_OBJC_IMPLEMENTATIONS = YES;
				CLANG_WARN_DIRECT_OBJC_ISA_USAGE = YES_ERROR;
				CLANG_WARN_DOCUMENTATION_COMMENTS = YES;
				CLANG_WARN_EMPTY_BODY = YES;
				CLANG_WARN_ENUM_CONVERSION = YES;
				CLANG_WARN_INFINITE_RECURSION = YES;
				CLANG_WARN_INT_CONVERSION = YES;
				CLANG_WARN_NON_LITERAL_NULL_CONVERSION = YES;
				CLANG_WARN_OBJC_IMPLICIT_RETAIN_SELF = YES;
				CLANG_WARN_OBJC_LITERAL_CONVERSION = YES;
				CLANG_WARN_OBJC_ROOT_CLASS = YES_ERROR;
				CLANG_WARN_QUOTED_INCLUDE_IN_FRAMEWORK_HEADER = YES;
				CLANG_WARN_RANGE_LOOP_ANALYSIS = YES;
				CLANG_WARN_STRICT_PROTOTYPES = YES;
				CLANG_WARN_SUSPICIOUS_MOVE = YES;
				CLANG_WARN_UNGUARDED_AVAILABILITY = YES_AGGRESSIVE;
				CLANG_WARN_UNREACHABLE_CODE = YES;
				CLANG_WARN__DUPLICATE_METHOD_MATCH = YES;
				COPY_PHASE_STRIP = NO;
				DEBUG_INFORMATION_FORMAT = dwarf;
				ENABLE_STRICT_OBJC_MSGSEND = YES;
				ENABLE_TESTABILITY = YES;
				GCC_C_LANGUAGE_STANDARD = gnu11;
				GCC_DYNAMIC_NO_PIC = NO;
				GCC_NO_COMMON_BLOCKS = YES;
				GCC_OPTIMIZATION_LEVEL = 0;
				GCC_PREPROCESSOR_DEFINITIONS = (
					"DEBUG=1",
					"$(inherited)",
				);
				GCC_WARN_64_TO_32_BIT_CONVERSION = YES;
				GCC_WARN_ABOUT_RETURN_TYPE = YES_ERROR;
				GCC_WARN_UNDECLARED_SELECTOR = YES;
				GCC_WARN_UNINITIALIZED_AUTOS = YES_AGGRESSIVE;
				GCC_WARN_UNUSED_FUNCTION = YES;
				GCC_WARN_UNUSED_VARIABLE = YES;
				IPHONEOS_DEPLOYMENT_TARGET = 16.4;
				MTL_ENABLE_DEBUG_INFO = INCLUDE_SOURCE;
				MTL_FAST_MATH = YES;
				ONLY_ACTIVE_ARCH = YES;
				SDKROOT = iphoneos;
				SWIFT_ACTIVE_COMPILATION_CONDITIONS = DEBUG;
				SWIFT_OPTIMIZATION_LEVEL = "-Onone";
			};
			name = Debug;
		};
		46BD28612A9766FC00BBED6B /* Release */ = {
			isa = XCBuildConfiguration;
			buildSettings = {
				ALWAYS_SEARCH_USER_PATHS = NO;
				CLANG_ANALYZER_NONNULL = YES;
				CLANG_ANALYZER_NUMBER_OBJECT_CONVERSION = YES_AGGRESSIVE;
				CLANG_CXX_LANGUAGE_STANDARD = "gnu++20";
				CLANG_ENABLE_MODULES = YES;
				CLANG_ENABLE_OBJC_ARC = YES;
				CLANG_ENABLE_OBJC_WEAK = YES;
				CLANG_WARN_BLOCK_CAPTURE_AUTORELEASING = YES;
				CLANG_WARN_BOOL_CONVERSION = YES;
				CLANG_WARN_COMMA = YES;
				CLANG_WARN_CONSTANT_CONVERSION = YES;
				CLANG_WARN_DEPRECATED_OBJC_IMPLEMENTATIONS = YES;
				CLANG_WARN_DIRECT_OBJC_ISA_USAGE = YES_ERROR;
				CLANG_WARN_DOCUMENTATION_COMMENTS = YES;
				CLANG_WARN_EMPTY_BODY = YES;
				CLANG_WARN_ENUM_CONVERSION = YES;
				CLANG_WARN_INFINITE_RECURSION = YES;
				CLANG_WARN_INT_CONVERSION = YES;
				CLANG_WARN_NON_LITERAL_NULL_CONVERSION = YES;
				CLANG_WARN_OBJC_IMPLICIT_RETAIN_SELF = YES;
				CLANG_WARN_OBJC_LITERAL_CONVERSION = YES;
				CLANG_WARN_OBJC_ROOT_CLASS = YES_ERROR;
				CLANG_WARN_QUOTED_INCLUDE_IN_FRAMEWORK_HEADER = YES;
				CLANG_WARN_RANGE_LOOP_ANALYSIS = YES;
				CLANG_WARN_STRICT_PROTOTYPES = YES;
				CLANG_WARN_SUSPICIOUS_MOVE = YES;
				CLANG_WARN_UNGUARDED_AVAILABILITY = YES_AGGRESSIVE;
				CLANG_WARN_UNREACHABLE_CODE = YES;
				CLANG_WARN__DUPLICATE_METHOD_MATCH = YES;
				COPY_PHASE_STRIP = NO;
				DEBUG_INFORMATION_FORMAT = "dwarf-with-dsym";
				ENABLE_NS_ASSERTIONS = NO;
				ENABLE_STRICT_OBJC_MSGSEND = YES;
				GCC_C_LANGUAGE_STANDARD = gnu11;
				GCC_NO_COMMON_BLOCKS = YES;
				GCC_WARN_64_TO_32_BIT_CONVERSION = YES;
				GCC_WARN_ABOUT_RETURN_TYPE = YES_ERROR;
				GCC_WARN_UNDECLARED_SELECTOR = YES;
				GCC_WARN_UNINITIALIZED_AUTOS = YES_AGGRESSIVE;
				GCC_WARN_UNUSED_FUNCTION = YES;
				GCC_WARN_UNUSED_VARIABLE = YES;
				IPHONEOS_DEPLOYMENT_TARGET = 16.4;
				MTL_ENABLE_DEBUG_INFO = NO;
				MTL_FAST_MATH = YES;
				SDKROOT = iphoneos;
				SWIFT_COMPILATION_MODE = wholemodule;
				SWIFT_OPTIMIZATION_LEVEL = "-O";
				VALIDATE_PRODUCT = YES;
			};
			name = Release;
		};
		46BD28632A9766FC00BBED6B /* Debug */ = {
			isa = XCBuildConfiguration;
			buildSettings = {
				ASSETCATALOG_COMPILER_APPICON_NAME = AppIcon;
				ASSETCATALOG_COMPILER_GLOBAL_ACCENT_COLOR_NAME = AccentColor;
				CODE_SIGN_STYLE = Automatic;
				CURRENT_PROJECT_VERSION = 1;
				DEVELOPMENT_ASSET_PATHS = "\"ExpenseLand/Preview Content\"";
				DEVELOPMENT_TEAM = 22NX7WBF6A;
				ENABLE_PREVIEWS = YES;
				GENERATE_INFOPLIST_FILE = YES;
				INFOPLIST_KEY_UIApplicationSceneManifest_Generation = YES;
				INFOPLIST_KEY_UIApplicationSupportsIndirectInputEvents = YES;
				INFOPLIST_KEY_UILaunchScreen_Generation = YES;
				INFOPLIST_KEY_UISupportedInterfaceOrientations_iPad = "UIInterfaceOrientationPortrait UIInterfaceOrientationPortraitUpsideDown UIInterfaceOrientationLandscapeLeft UIInterfaceOrientationLandscapeRight";
				INFOPLIST_KEY_UISupportedInterfaceOrientations_iPhone = "UIInterfaceOrientationPortrait UIInterfaceOrientationLandscapeLeft UIInterfaceOrientationLandscapeRight";
				LD_RUNPATH_SEARCH_PATHS = (
					"$(inherited)",
					"@executable_path/Frameworks",
				);
				MARKETING_VERSION = 1.0;
				PRODUCT_BUNDLE_IDENTIFIER = patka.ExpenseLand;
				PRODUCT_NAME = "$(TARGET_NAME)";
				SWIFT_EMIT_LOC_STRINGS = YES;
				SWIFT_VERSION = 5.0;
				TARGETED_DEVICE_FAMILY = "1,2";
			};
			name = Debug;
		};
		46BD28642A9766FC00BBED6B /* Release */ = {
			isa = XCBuildConfiguration;
			buildSettings = {
				ASSETCATALOG_COMPILER_APPICON_NAME = AppIcon;
				ASSETCATALOG_COMPILER_GLOBAL_ACCENT_COLOR_NAME = AccentColor;
				CODE_SIGN_STYLE = Automatic;
				CURRENT_PROJECT_VERSION = 1;
				DEVELOPMENT_ASSET_PATHS = "\"ExpenseLand/Preview Content\"";
				DEVELOPMENT_TEAM = 22NX7WBF6A;
				ENABLE_PREVIEWS = YES;
				GENERATE_INFOPLIST_FILE = YES;
				INFOPLIST_KEY_UIApplicationSceneManifest_Generation = YES;
				INFOPLIST_KEY_UIApplicationSupportsIndirectInputEvents = YES;
				INFOPLIST_KEY_UILaunchScreen_Generation = YES;
				INFOPLIST_KEY_UISupportedInterfaceOrientations_iPad = "UIInterfaceOrientationPortrait UIInterfaceOrientationPortraitUpsideDown UIInterfaceOrientationLandscapeLeft UIInterfaceOrientationLandscapeRight";
				INFOPLIST_KEY_UISupportedInterfaceOrientations_iPhone = "UIInterfaceOrientationPortrait UIInterfaceOrientationLandscapeLeft UIInterfaceOrientationLandscapeRight";
				LD_RUNPATH_SEARCH_PATHS = (
					"$(inherited)",
					"@executable_path/Frameworks",
				);
				MARKETING_VERSION = 1.0;
				PRODUCT_BUNDLE_IDENTIFIER = patka.ExpenseLand;
				PRODUCT_NAME = "$(TARGET_NAME)";
				SWIFT_EMIT_LOC_STRINGS = YES;
				SWIFT_VERSION = 5.0;
				TARGETED_DEVICE_FAMILY = "1,2";
			};
			name = Release;
		};
/* End XCBuildConfiguration section */

/* Begin XCConfigurationList section */
		46BD284A2A9766FB00BBED6B /* Build configuration list for PBXProject "ExpenseLand" */ = {
			isa = XCConfigurationList;
			buildConfigurations = (
				46BD28602A9766FC00BBED6B /* Debug */,
				46BD28612A9766FC00BBED6B /* Release */,
			);
			defaultConfigurationIsVisible = 0;
			defaultConfigurationName = Release;
		};
		46BD28622A9766FC00BBED6B /* Build configuration list for PBXNativeTarget "ExpenseLand" */ = {
			isa = XCConfigurationList;
			buildConfigurations = (
				46BD28632A9766FC00BBED6B /* Debug */,
				46BD28642A9766FC00BBED6B /* Release */,
			);
			defaultConfigurationIsVisible = 0;
			defaultConfigurationName = Release;
		};
/* End XCConfigurationList section */

/* Begin XCVersionGroup section */
		46BD285D2A9766FC00BBED6B /* ExpenseLand.xcdatamodeld */ = {
			isa = XCVersionGroup;
			children = (
				46BD285E2A9766FC00BBED6B /* ExpenseLand.xcdatamodel */,
			);
			currentVersion = 46BD285E2A9766FC00BBED6B /* ExpenseLand.xcdatamodel */;
			path = ExpenseLand.xcdatamodeld;
			sourceTree = "<group>";
			versionGroupType = wrapper.xcdatamodel;
		};
/* End XCVersionGroup section */
	};
	rootObject = 46BD28472A9766FB00BBED6B /* Project object */;
}
